
Microsoft Visual Studio Solution File, Format Version 12.00
# Visual Studio Version 17
VisualStudioVersion = 17.8.34330.188
MinimumVisualStudioVersion = 10.0.40219.1
Project("{FAE04EC0-301F-11D3-BF4B-00C04F79EFBC}") = "UDP1CLIENT", "UDP1CLIENT\UDP1CLIENT.csproj", "{6F50D38D-0445-4F7C-8B33-3E5B53F6BD6A}"
EndProject
Global
	GlobalSection(SolutionConfigurationPlatforms) = preSolution
		Debug|Any CPU = Debug|Any CPU
		Release|Any CPU = Release|Any CPU
	EndGlobalSection
	GlobalSection(ProjectConfigurationPlatforms) = postSolution
		{6F50D38D-0445-4F7C-8B33-3E5B53F6BD6A}.Debug|Any CPU.ActiveCfg = Debug|Any CPU
		{6F50D38D-0445-4F7C-8B33-3E5B53F6BD6A}.Debug|Any CPU.Build.0 = Debug|Any CPU
		{6F50D38D-0445-4F7C-8B33-3E5B53F6BD6A}.Release|Any CPU.ActiveCfg = Release|Any CPU
		{6F50D38D-0445-4F7C-8B33-3E5B53F6BD6A}.Release|Any CPU.Build.0 = Release|Any CPU
	EndGlobalSection
	GlobalSection(SolutionProperties) = preSolution
		HideSolutionNode = FALSE
	EndGlobalSection
	GlobalSection(ExtensibilityGlobals) = postSolution
		SolutionGuid = {80422BFB-9D29-4177-99E5-710EAD671680}
	EndGlobalSection
EndGlobal
